// !$*UTF8*$!
{
	archiveVersion = 1;
	classes = {
	};
	objectVersion = 50;
	objects = {

/* Begin PBXBuildFile section */
		72CB54CC23F8433900988BBE /* AppDelegate.swift in Sources */ = {isa = PBXBuildFile; fileRef = 72CB54CB23F8433900988BBE /* AppDelegate.swift */; };
		72CB54CE23F8433900988BBE /* SceneDelegate.swift in Sources */ = {isa = PBXBuildFile; fileRef = 72CB54CD23F8433900988BBE /* SceneDelegate.swift */; };
		72CB54D023F8433900988BBE /* ViewController.swift in Sources */ = {isa = PBXBuildFile; fileRef = 72CB54CF23F8433900988BBE /* ViewController.swift */; };
		72CB54D323F8433900988BBE /* Main.storyboard in Resources */ = {isa = PBXBuildFile; fileRef = 72CB54D123F8433900988BBE /* Main.storyboard */; };
		72CB54D523F8433A00988BBE /* Assets.xcassets in Resources */ = {isa = PBXBuildFile; fileRef = 72CB54D423F8433A00988BBE /* Assets.xcassets */; };
		72CB54D823F8433A00988BBE /* LaunchScreen.storyboard in Resources */ = {isa = PBXBuildFile; fileRef = 72CB54D623F8433A00988BBE /* LaunchScreen.storyboard */; };
		72CB54E323F8433B00988BBE /* Assignment1Tests.swift in Sources */ = {isa = PBXBuildFile; fileRef = 72CB54E223F8433B00988BBE /* Assignment1Tests.swift */; };
		72CB54EE23F8433B00988BBE /* Assignment1UITests.swift in Sources */ = {isa = PBXBuildFile; fileRef = 72CB54ED23F8433B00988BBE /* Assignment1UITests.swift */; };
/* End PBXBuildFile section */

/* Begin PBXContainerItemProxy section */
		72CB54DF23F8433B00988BBE /* PBXContainerItemProxy */ = {
			isa = PBXContainerItemProxy;
			containerPortal = 72CB54C023F8433800988BBE /* Project object */;
			proxyType = 1;
			remoteGlobalIDString = 72CB54C723F8433900988BBE;
			remoteInfo = Assignment1;
		};
		72CB54EA23F8433B00988BBE /* PBXContainerItemProxy */ = {
			isa = PBXContainerItemProxy;
			containerPortal = 72CB54C023F8433800988BBE /* Project object */;
			proxyType = 1;
			remoteGlobalIDString = 72CB54C723F8433900988BBE;
			remoteInfo = Assignment1;
		};
/* End PBXContainerItemProxy section */

/* Begin PBXFileReference section */
		72CB54C823F8433900988BBE /* Assignment1.app */ = {isa = PBXFileReference; explicitFileType = wrapper.application; includeInIndex = 0; path = Assignment1.app; sourceTree = BUILT_PRODUCTS_DIR; };
		72CB54CB23F8433900988BBE /* AppDelegate.swift */ = {isa = PBXFileReference; lastKnownFileType = sourcecode.swift; path = AppDelegate.swift; sourceTree = "<group>"; };
		72CB54CD23F8433900988BBE /* SceneDelegate.swift */ = {isa = PBXFileReference; lastKnownFileType = sourcecode.swift; path = SceneDelegate.swift; sourceTree = "<group>"; };
		72CB54CF23F8433900988BBE /* ViewController.swift */ = {isa = PBXFileReference; lastKnownFileType = sourcecode.swift; path = ViewController.swift; sourceTree = "<group>"; };
		72CB54D223F8433900988BBE /* Base */ = {isa = PBXFileReference; lastKnownFileType = file.storyboard; name = Base; path = Base.lproj/Main.storyboard; sourceTree = "<group>"; };
		72CB54D423F8433A00988BBE /* Assets.xcassets */ = {isa = PBXFileReference; lastKnownFileType = folder.assetcatalog; path = Assets.xcassets; sourceTree = "<group>"; };
		72CB54D723F8433A00988BBE /* Base */ = {isa = PBXFileReference; lastKnownFileType = file.storyboard; name = Base; path = Base.lproj/LaunchScreen.storyboard; sourceTree = "<group>"; };
		72CB54D923F8433A00988BBE /* Info.plist */ = {isa = PBXFileReference; lastKnownFileType = text.plist.xml; path = Info.plist; sourceTree = "<group>"; };
		72CB54DE23F8433B00988BBE /* Assignment1Tests.xctest */ = {isa = PBXFileReference; explicitFileType = wrapper.cfbundle; includeInIndex = 0; path = Assignment1Tests.xctest; sourceTree = BUILT_PRODUCTS_DIR; };
		72CB54E223F8433B00988BBE /* Assignment1Tests.swift */ = {isa = PBXFileReference; lastKnownFileType = sourcecode.swift; path = Assignment1Tests.swift; sourceTree = "<group>"; };
		72CB54E423F8433B00988BBE /* Info.plist */ = {isa = PBXFileReference; lastKnownFileType = text.plist.xml; path = Info.plist; sourceTree = "<group>"; };
		72CB54E923F8433B00988BBE /* Assignment1UITests.xctest */ = {isa = PBXFileReference; explicitFileType = wrapper.cfbundle; includeInIndex = 0; path = Assignment1UITests.xctest; sourceTree = BUILT_PRODUCTS_DIR; };
		72CB54ED23F8433B00988BBE /* Assignment1UITests.swift */ = {isa = PBXFileReference; lastKnownFileType = sourcecode.swift; path = Assignment1UITests.swift; sourceTree = "<group>"; };
		72CB54EF23F8433B00988BBE /* Info.plist */ = {isa = PBXFileReference; lastKnownFileType = text.plist.xml; path = Info.plist; sourceTree = "<group>"; };
/* End PBXFileReference section */

/* Begin PBXFrameworksBuildPhase section */
		72CB54C523F8433900988BBE /* Frameworks */ = {
			isa = PBXFrameworksBuildPhase;
			buildActionMask = 2147483647;
			files = (
			);
			runOnlyForDeploymentPostprocessing = 0;
		};
		72CB54DB23F8433B00988BBE /* Frameworks */ = {
			isa = PBXFrameworksBuildPhase;
			buildActionMask = 2147483647;
			files = (
			);
			runOnlyForDeploymentPostprocessing = 0;
		};
		72CB54E623F8433B00988BBE /* Frameworks */ = {
			isa = PBXFrameworksBuildPhase;
			buildActionMask = 2147483647;
			files = (
			);
			runOnlyForDeploymentPostprocessing = 0;
		};
/* End PBXFrameworksBuildPhase section */

/* Begin PBXGroup section */
		72CB54BF23F8433800988BBE = {
			isa = PBXGroup;
			children = (
				72CB54CA23F8433900988BBE /* Assignment1 */,
				72CB54E123F8433B00988BBE /* Assignment1Tests */,
				72CB54EC23F8433B00988BBE /* Assignment1UITests */,
				72CB54C923F8433900988BBE /* Products */,
			);
			sourceTree = "<group>";
		};
		72CB54C923F8433900988BBE /* Products */ = {
			isa = PBXGroup;
			children = (
				72CB54C823F8433900988BBE /* Assignment1.app */,
				72CB54DE23F8433B00988BBE /* Assignment1Tests.xctest */,
				72CB54E923F8433B00988BBE /* Assignment1UITests.xctest */,
			);
			name = Products;
			sourceTree = "<group>";
		};
		72CB54CA23F8433900988BBE /* Assignment1 */ = {
			isa = PBXGroup;
			children = (
				72CB54CB23F8433900988BBE /* AppDelegate.swift */,
				72CB54CD23F8433900988BBE /* SceneDelegate.swift */,
				72CB54CF23F8433900988BBE /* ViewController.swift */,
				72CB54D123F8433900988BBE /* Main.storyboard */,
				72CB54D423F8433A00988BBE /* Assets.xcassets */,
				72CB54D623F8433A00988BBE /* LaunchScreen.storyboard */,
				72CB54D923F8433A00988BBE /* Info.plist */,
			);
			path = Assignment1;
			sourceTree = "<group>";
		};
		72CB54E123F8433B00988BBE /* Assignment1Tests */ = {
			isa = PBXGroup;
			children = (
				72CB54E223F8433B00988BBE /* Assignment1Tests.swift */,
				72CB54E423F8433B00988BBE /* Info.plist */,
			);
			path = Assignment1Tests;
			sourceTree = "<group>";
		};
		72CB54EC23F8433B00988BBE /* Assignment1UITests */ = {
			isa = PBXGroup;
			children = (
				72CB54ED23F8433B00988BBE /* Assignment1UITests.swift */,
				72CB54EF23F8433B00988BBE /* Info.plist */,
			);
			path = Assignment1UITests;
			sourceTree = "<group>";
		};
/* End PBXGroup section */

/* Begin PBXNativeTarget section */
		72CB54C723F8433900988BBE /* Assignment1 */ = {
			isa = PBXNativeTarget;
			buildConfigurationList = 72CB54F223F8433B00988BBE /* Build configuration list for PBXNativeTarget "Assignment1" */;
			buildPhases = (
				72CB54C423F8433900988BBE /* Sources */,
				72CB54C523F8433900988BBE /* Frameworks */,
				72CB54C623F8433900988BBE /* Resources */,
			);
			buildRules = (
			);
			dependencies = (
			);
			name = Assignment1;
			productName = Assignment1;
			productReference = 72CB54C823F8433900988BBE /* Assignment1.app */;
			productType = "com.apple.product-type.application";
		};
		72CB54DD23F8433B00988BBE /* Assignment1Tests */ = {
			isa = PBXNativeTarget;
			buildConfigurationList = 72CB54F523F8433B00988BBE /* Build configuration list for PBXNativeTarget "Assignment1Tests" */;
			buildPhases = (
				72CB54DA23F8433B00988BBE /* Sources */,
				72CB54DB23F8433B00988BBE /* Frameworks */,
				72CB54DC23F8433B00988BBE /* Resources */,
			);
			buildRules = (
			);
			dependencies = (
				72CB54E023F8433B00988BBE /* PBXTargetDependency */,
			);
			name = Assignment1Tests;
			productName = Assignment1Tests;
			productReference = 72CB54DE23F8433B00988BBE /* Assignment1Tests.xctest */;
			productType = "com.apple.product-type.bundle.unit-test";
		};
		72CB54E823F8433B00988BBE /* Assignment1UITests */ = {
			isa = PBXNativeTarget;
			buildConfigurationList = 72CB54F823F8433B00988BBE /* Build configuration list for PBXNativeTarget "Assignment1UITests" */;
			buildPhases = (
				72CB54E523F8433B00988BBE /* Sources */,
				72CB54E623F8433B00988BBE /* Frameworks */,
				72CB54E723F8433B00988BBE /* Resources */,
			);
			buildRules = (
			);
			dependencies = (
				72CB54EB23F8433B00988BBE /* PBXTargetDependency */,
			);
			name = Assignment1UITests;
			productName = Assignment1UITests;
			productReference = 72CB54E923F8433B00988BBE /* Assignment1UITests.xctest */;
			productType = "com.apple.product-type.bundle.ui-testing";
		};
/* End PBXNativeTarget section */

/* Begin PBXProject section */
		72CB54C023F8433800988BBE /* Project object */ = {
			isa = PBXProject;
			attributes = {
				LastSwiftUpdateCheck = 1130;
				LastUpgradeCheck = 1130;
				ORGANIZATIONNAME = "saj panchal";
				TargetAttributes = {
					72CB54C723F8433900988BBE = {
						CreatedOnToolsVersion = 11.3.1;
					};
					72CB54DD23F8433B00988BBE = {
						CreatedOnToolsVersion = 11.3.1;
						TestTargetID = 72CB54C723F8433900988BBE;
					};
					72CB54E823F8433B00988BBE = {
						CreatedOnToolsVersion = 11.3.1;
						TestTargetID = 72CB54C723F8433900988BBE;
					};
				};
			};
			buildConfigurationList = 72CB54C323F8433800988BBE /* Build configuration list for PBXProject "Assignment1" */;
			compatibilityVersion = "Xcode 9.3";
			developmentRegion = en;
			hasScannedForEncodings = 0;
			knownRegions = (
				en,
				Base,
			);
			mainGroup = 72CB54BF23F8433800988BBE;
			productRefGroup = 72CB54C923F8433900988BBE /* Products */;
			projectDirPath = "";
			projectRoot = "";
			targets = (
				72CB54C723F8433900988BBE /* Assignment1 */,
				72CB54DD23F8433B00988BBE /* Assignment1Tests */,
				72CB54E823F8433B00988BBE /* Assignment1UITests */,
			);
		};
/* End PBXProject section */

/* Begin PBXResourcesBuildPhase section */
		72CB54C623F8433900988BBE /* Resources */ = {
			isa = PBXResourcesBuildPhase;
			buildActionMask = 2147483647;
			files = (
				72CB54D823F8433A00988BBE /* LaunchScreen.storyboard in Resources */,
				72CB54D523F8433A00988BBE /* Assets.xcassets in Resources */,
				72CB54D323F8433900988BBE /* Main.storyboard in Resources */,
			);
			runOnlyForDeploymentPostprocessing = 0;
		};
		72CB54DC23F8433B00988BBE /* Resources */ = {
			isa = PBXResourcesBuildPhase;
			buildActionMask = 2147483647;
			files = (
			);
			runOnlyForDeploymentPostprocessing = 0;
		};
		72CB54E723F8433B00988BBE /* Resources */ = {
			isa = PBXResourcesBuildPhase;
			buildActionMask = 2147483647;
			files = (
			);
			runOnlyForDeploymentPostprocessing = 0;
		};
/* End PBXResourcesBuildPhase section */

/* Begin PBXSourcesBuildPhase section */
		72CB54C423F8433900988BBE /* Sources */ = {
			isa = PBXSourcesBuildPhase;
			buildActionMask = 2147483647;
			files = (
				72CB54D023F8433900988BBE /* ViewController.swift in Sources */,
				72CB54CC23F8433900988BBE /* AppDelegate.swift in Sources */,
				72CB54CE23F8433900988BBE /* SceneDelegate.swift in Sources */,
			);
			runOnlyForDeploymentPostprocessing = 0;
		};
		72CB54DA23F8433B00988BBE /* Sources */ = {
			isa = PBXSourcesBuildPhase;
			buildActionMask = 2147483647;
			files = (
				72CB54E323F8433B00988BBE /* Assignment1Tests.swift in Sources */,
			);
			runOnlyForDeploymentPostprocessing = 0;
		};
		72CB54E523F8433B00988BBE /* Sources */ = {
			isa = PBXSourcesBuildPhase;
			buildActionMask = 2147483647;
			files = (
				72CB54EE23F8433B00988BBE /* Assignment1UITests.swift in Sources */,
			);
			runOnlyForDeploymentPostprocessing = 0;
		};
/* End PBXSourcesBuildPhase section */

/* Begin PBXTargetDependency section */
		72CB54E023F8433B00988BBE /* PBXTargetDependency */ = {
			isa = PBXTargetDependency;
			target = 72CB54C723F8433900988BBE /* Assignment1 */;
			targetProxy = 72CB54DF23F8433B00988BBE /* PBXContainerItemProxy */;
		};
		72CB54EB23F8433B00988BBE /* PBXTargetDependency */ = {
			isa = PBXTargetDependency;
			target = 72CB54C723F8433900988BBE /* Assignment1 */;
			targetProxy = 72CB54EA23F8433B00988BBE /* PBXContainerItemProxy */;
		};
/* End PBXTargetDependency section */

/* Begin PBXVariantGroup section */
		72CB54D123F8433900988BBE /* Main.storyboard */ = {
			isa = PBXVariantGroup;
			children = (
				72CB54D223F8433900988BBE /* Base */,
			);
			name = Main.storyboard;
			sourceTree = "<group>";
		};
		72CB54D623F8433A00988BBE /* LaunchScreen.storyboard */ = {
			isa = PBXVariantGroup;
			children = (
				72CB54D723F8433A00988BBE /* Base */,
			);
			name = LaunchScreen.storyboard;
			sourceTree = "<group>";
		};
/* End PBXVariantGroup section */

/* Begin XCBuildConfiguration section */
		72CB54F023F8433B00988BBE /* Debug */ = {
			isa = XCBuildConfiguration;
			buildSettings = {
				ALWAYS_SEARCH_USER_PATHS = NO;
				CLANG_ANALYZER_NONNULL = YES;
				CLANG_ANALYZER_NUMBER_OBJECT_CONVERSION = YES_AGGRESSIVE;
				CLANG_CXX_LANGUAGE_STANDARD = "gnu++14";
				CLANG_CXX_LIBRARY = "libc++";
				CLANG_ENABLE_MODULES = YES;
				CLANG_ENABLE_OBJC_ARC = YES;
				CLANG_ENABLE_OBJC_WEAK = YES;
				CLANG_WARN_BLOCK_CAPTURE_AUTORELEASING = YES;
				CLANG_WARN_BOOL_CONVERSION = YES;
				CLANG_WARN_COMMA = YES;
				CLANG_WARN_CONSTANT_CONVERSION = YES;
				CLANG_WARN_DEPRECATED_OBJC_IMPLEMENTATIONS = YES;
				CLANG_WARN_DIRECT_OBJC_ISA_USAGE = YES_ERROR;
				CLANG_WARN_DOCUMENTATION_COMMENTS = YES;
				CLANG_WARN_EMPTY_BODY = YES;
				CLANG_WARN_ENUM_CONVERSION = YES;
				CLANG_WARN_INFINITE_RECURSION = YES;
				CLANG_WARN_INT_CONVERSION = YES;
				CLANG_WARN_NON_LITERAL_NULL_CONVERSION = YES;
				CLANG_WARN_OBJC_IMPLICIT_RETAIN_SELF = YES;
				CLANG_WARN_OBJC_LITERAL_CONVERSION = YES;
				CLANG_WARN_OBJC_ROOT_CLASS = YES_ERROR;
				CLANG_WARN_RANGE_LOOP_ANALYSIS = YES;
				CLANG_WARN_STRICT_PROTOTYPES = YES;
				CLANG_WARN_SUSPICIOUS_MOVE = YES;
				CLANG_WARN_UNGUARDED_AVAILABILITY = YES_AGGRESSIVE;
				CLANG_WARN_UNREACHABLE_CODE = YES;
				CLANG_WARN__DUPLICATE_METHOD_MATCH = YES;
				COPY_PHASE_STRIP = NO;
				DEBUG_INFORMATION_FORMAT = dwarf;
				ENABLE_STRICT_OBJC_MSGSEND = YES;
				ENABLE_TESTABILITY = YES;
				GCC_C_LANGUAGE_STANDARD = gnu11;
				GCC_DYNAMIC_NO_PIC = NO;
				GCC_NO_COMMON_BLOCKS = YES;
				GCC_OPTIMIZATION_LEVEL = 0;
				GCC_PREPROCESSOR_DEFINITIONS = (
					"DEBUG=1",
					"$(inherited)",
				);
				GCC_WARN_64_TO_32_BIT_CONVERSION = YES;
				GCC_WARN_ABOUT_RETURN_TYPE = YES_ERROR;
				GCC_WARN_UNDECLARED_SELECTOR = YES;
				GCC_WARN_UNINITIALIZED_AUTOS = YES_AGGRESSIVE;
				GCC_WARN_UNUSED_FUNCTION = YES;
				GCC_WARN_UNUSED_VARIABLE = YES;
				IPHONEOS_DEPLOYMENT_TARGET = 13.2;
				MTL_ENABLE_DEBUG_INFO = INCLUDE_SOURCE;
				MTL_FAST_MATH = YES;
				ONLY_ACTIVE_ARCH = YES;
				SDKROOT = iphoneos;
				SWIFT_ACTIVE_COMPILATION_CONDITIONS = DEBUG;
				SWIFT_OPTIMIZATION_LEVEL = "-Onone";
			};
			name = Debug;
		};
		72CB54F123F8433B00988BBE /* Release */ = {
			isa = XCBuildConfiguration;
			buildSettings = {
				ALWAYS_SEARCH_USER_PATHS = NO;
				CLANG_ANALYZER_NONNULL = YES;
				CLANG_ANALYZER_NUMBER_OBJECT_CONVERSION = YES_AGGRESSIVE;
				CLANG_CXX_LANGUAGE_STANDARD = "gnu++14";
				CLANG_CXX_LIBRARY = "libc++";
				CLANG_ENABLE_MODULES = YES;
				CLANG_ENABLE_OBJC_ARC = YES;
				CLANG_ENABLE_OBJC_WEAK = YES;
				CLANG_WARN_BLOCK_CAPTURE_AUTORELEASING = YES;
				CLANG_WARN_BOOL_CONVERSION = YES;
				CLANG_WARN_COMMA = YES;
				CLANG_WARN_CONSTANT_CONVERSION = YES;
				CLANG_WARN_DEPRECATED_OBJC_IMPLEMENTATIONS = YES;
				CLANG_WARN_DIRECT_OBJC_ISA_USAGE = YES_ERROR;
				CLANG_WARN_DOCUMENTATION_COMMENTS = YES;
				CLANG_WARN_EMPTY_BODY = YES;
				CLANG_WARN_ENUM_CONVERSION = YES;
				CLANG_WARN_INFINITE_RECURSION = YES;
				CLANG_WARN_INT_CONVERSION = YES;
				CLANG_WARN_NON_LITERAL_NULL_CONVERSION = YES;
				CLANG_WARN_OBJC_IMPLICIT_RETAIN_SELF = YES;
				CLANG_WARN_OBJC_LITERAL_CONVERSION = YES;
				CLANG_WARN_OBJC_ROOT_CLASS = YES_ERROR;
				CLANG_WARN_RANGE_LOOP_ANALYSIS = YES;
				CLANG_WARN_STRICT_PROTOTYPES = YES;
				CLANG_WARN_SUSPICIOUS_MOVE = YES;
				CLANG_WARN_UNGUARDED_AVAILABILITY = YES_AGGRESSIVE;
				CLANG_WARN_UNREACHABLE_CODE = YES;
				CLANG_WARN__DUPLICATE_METHOD_MATCH = YES;
				COPY_PHASE_STRIP = NO;
				DEBUG_INFORMATION_FORMAT = "dwarf-with-dsym";
				ENABLE_NS_ASSERTIONS = NO;
				ENABLE_STRICT_OBJC_MSGSEND = YES;
				GCC_C_LANGUAGE_STANDARD = gnu11;
				GCC_NO_COMMON_BLOCKS = YES;
				GCC_WARN_64_TO_32_BIT_CONVERSION = YES;
				GCC_WARN_ABOUT_RETURN_TYPE = YES_ERROR;
				GCC_WARN_UNDECLARED_SELECTOR = YES;
				GCC_WARN_UNINITIALIZED_AUTOS = YES_AGGRESSIVE;
				GCC_WARN_UNUSED_FUNCTION = YES;
				GCC_WARN_UNUSED_VARIABLE = YES;
				IPHONEOS_DEPLOYMENT_TARGET = 13.2;
				MTL_ENABLE_DEBUG_INFO = NO;
				MTL_FAST_MATH = YES;
				SDKROOT = iphoneos;
				SWIFT_COMPILATION_MODE = wholemodule;
				SWIFT_OPTIMIZATION_LEVEL = "-O";
				VALIDATE_PRODUCT = YES;
			};
			name = Release;
		};
		72CB54F323F8433B00988BBE /* Debug */ = {
			isa = XCBuildConfiguration;
			buildSettings = {
				ASSETCATALOG_COMPILER_APPICON_NAME = AppIcon;
				CODE_SIGN_STYLE = Automatic;
				INFOPLIST_FILE = Assignment1/Info.plist;
				LD_RUNPATH_SEARCH_PATHS = (
					"$(inherited)",
					"@executable_path/Frameworks",
				);
				PRODUCT_BUNDLE_IDENTIFIER = ios.Assignment1;
				PRODUCT_NAME = "$(TARGET_NAME)";
				SWIFT_VERSION = 5.0;
				TARGETED_DEVICE_FAMILY = "1,2";
			};
			name = Debug;
		};
		72CB54F423F8433B00988BBE /* Release */ = {
			isa = XCBuildConfiguration;
			buildSettings = {
				ASSETCATALOG_COMPILER_APPICON_NAME = AppIcon;
				CODE_SIGN_STYLE = Automatic;
				INFOPLIST_FILE = Assignment1/Info.plist;
				LD_RUNPATH_SEARCH_PATHS = (
					"$(inherited)",
					"@executable_path/Frameworks",
				);
				PRODUCT_BUNDLE_IDENTIFIER = ios.Assignment1;
				PRODUCT_NAME = "$(TARGET_NAME)";
				SWIFT_VERSION = 5.0;
				TARGETED_DEVICE_FAMILY = "1,2";
			};
			name = Release;
		};
		72CB54F623F8433B00988BBE /* Debug */ = {
			isa = XCBuildConfiguration;
			buildSettings = {
				ALWAYS_EMBED_SWIFT_STANDARD_LIBRARIES = YES;
				BUNDLE_LOADER = "$(TEST_HOST)";
				CODE_SIGN_STYLE = Automatic;
				INFOPLIST_FILE = Assignment1Tests/Info.plist;
				IPHONEOS_DEPLOYMENT_TARGET = 13.2;
				LD_RUNPATH_SEARCH_PATHS = (
					"$(inherited)",
					"@executable_path/Frameworks",
					"@loader_path/Frameworks",
				);
				PRODUCT_BUNDLE_IDENTIFIER = ios.Assignment1Tests;
				PRODUCT_NAME = "$(TARGET_NAME)";
				SWIFT_VERSION = 5.0;
				TARGETED_DEVICE_FAMILY = "1,2";
				TEST_HOST = "$(BUILT_PRODUCTS_DIR)/Assignment1.app/Assignment1";
			};
			name = Debug;
		};
		72CB54F723F8433B00988BBE /* Release */ = {
			isa = XCBuildConfiguration;
			buildSettings = {
				ALWAYS_EMBED_SWIFT_STANDARD_LIBRARIES = YES;
				BUNDLE_LOADER = "$(TEST_HOST)";
				CODE_SIGN_STYLE = Automatic;
				INFOPLIST_FILE = Assignment1Tests/Info.plist;
				IPHONEOS_DEPLOYMENT_TARGET = 13.2;
				LD_RUNPATH_SEARCH_PATHS = (
					"$(inherited)",
					"@executable_path/Frameworks",
					"@loader_path/Frameworks",
				);
				PRODUCT_BUNDLE_IDENTIFIER = ios.Assignment1Tests;
				PRODUCT_NAME = "$(TARGET_NAME)";
				SWIFT_VERSION = 5.0;
				TARGETED_DEVICE_FAMILY = "1,2";
				TEST_HOST = "$(BUILT_PRODUCTS_DIR)/Assignment1.app/Assignment1";
			};
			name = Release;
		};
		72CB54F923F8433B00988BBE /* Debug */ = {
			isa = XCBuildConfiguration;
			buildSettings = {
				ALWAYS_EMBED_SWIFT_STANDARD_LIBRARIES = YES;
				CODE_SIGN_STYLE = Automatic;
				INFOPLIST_FILE = Assignment1UITests/Info.plist;
				LD_RUNPATH_SEARCH_PATHS = (
					"$(inherited)",
					"@executable_path/Frameworks",
					"@loader_path/Frameworks",
				);
				PRODUCT_BUNDLE_IDENTIFIER = ios.Assignment1UITests;
				PRODUCT_NAME = "$(TARGET_NAME)";
				SWIFT_VERSION = 5.0;
				TARGETED_DEVICE_FAMILY = "1,2";
				TEST_TARGET_NAME = Assignment1;
			};
			name = Debug;
		};
		72CB54FA23F8433B00988BBE /* Release */ = {
			isa = XCBuildConfiguration;
			buildSettings = {
				ALWAYS_EMBED_SWIFT_STANDARD_LIBRARIES = YES;
				CODE_SIGN_STYLE = Automatic;
				INFOPLIST_FILE = Assignment1UITests/Info.plist;
				LD_RUNPATH_SEARCH_PATHS = (
					"$(inherited)",
					"@executable_path/Frameworks",
					"@loader_path/Frameworks",
				);
				PRODUCT_BUNDLE_IDENTIFIER = ios.Assignment1UITests;
				PRODUCT_NAME = "$(TARGET_NAME)";
				SWIFT_VERSION = 5.0;
				TARGETED_DEVICE_FAMILY = "1,2";
				TEST_TARGET_NAME = Assignment1;
			};
			name = Release;
		};
/* End XCBuildConfiguration section */

/* Begin XCConfigurationList section */
		72CB54C323F8433800988BBE /* Build configuration list for PBXProject "Assignment1" */ = {
			isa = XCConfigurationList;
			buildConfigurations = (
				72CB54F023F8433B00988BBE /* Debug */,
				72CB54F123F8433B00988BBE /* Release */,
			);
			defaultConfigurationIsVisible = 0;
			defaultConfigurationName = Release;
		};
		72CB54F223F8433B00988BBE /* Build configuration list for PBXNativeTarget "Assignment1" */ = {
			isa = XCConfigurationList;
			buildConfigurations = (
				72CB54F323F8433B00988BBE /* Debug */,
				72CB54F423F8433B00988BBE /* Release */,
			);
			defaultConfigurationIsVisible = 0;
			defaultConfigurationName = Release;
		};
		72CB54F523F8433B00988BBE /* Build configuration list for PBXNativeTarget "Assignment1Tests" */ = {
			isa = XCConfigurationList;
			buildConfigurations = (
				72CB54F623F8433B00988BBE /* Debug */,
				72CB54F723F8433B00988BBE /* Release */,
			);
			defaultConfigurationIsVisible = 0;
			defaultConfigurationName = Release;
		};
		72CB54F823F8433B00988BBE /* Build configuration list for PBXNativeTarget "Assignment1UITests" */ = {
			isa = XCConfigurationList;
			buildConfigurations = (
				72CB54F923F8433B00988BBE /* Debug */,
				72CB54FA23F8433B00988BBE /* Release */,
			);
			defaultConfigurationIsVisible = 0;
			defaultConfigurationName = Release;
		};
/* End XCConfigurationList section */
	};
	rootObject = 72CB54C023F8433800988BBE /* Project object */;
}
